// !$*UTF8*$!
{
	archiveVersion = 1;
	classes = {
	};
	objectVersion = 46;
	objects = {

/* Begin PBXBuildFile section */
		BCFAA9B21CC92BA4008D2464 /* AppDelegate.swift in Sources */ = {isa = PBXBuildFile; fileRef = BCFAA9B11CC92BA4008D2464 /* AppDelegate.swift */; };
		BCFAA9B41CC92BA4008D2464 /* CounterViewController.swift in Sources */ = {isa = PBXBuildFile; fileRef = BCFAA9B31CC92BA4008D2464 /* CounterViewController.swift */; };
		BCFAA9B71CC92BA4008D2464 /* Main.storyboard in Resources */ = {isa = PBXBuildFile; fileRef = BCFAA9B51CC92BA4008D2464 /* Main.storyboard */; };
		BCFAA9B91CC92BA4008D2464 /* Assets.xcassets in Resources */ = {isa = PBXBuildFile; fileRef = BCFAA9B81CC92BA4008D2464 /* Assets.xcassets */; };
		BCFAA9BC1CC92BA4008D2464 /* LaunchScreen.storyboard in Resources */ = {isa = PBXBuildFile; fileRef = BCFAA9BA1CC92BA4008D2464 /* LaunchScreen.storyboard */; };
		BCFAA9C41CC9320E008D2464 /* ClickData.swift in Sources */ = {isa = PBXBuildFile; fileRef = BCFAA9C31CC9320E008D2464 /* ClickData.swift */; };
/* End PBXBuildFile section */

/* Begin PBXFileReference section */
		BCFAA9AE1CC92BA4008D2464 /* ClickCounter.app */ = {isa = PBXFileReference; explicitFileType = wrapper.application; includeInIndex = 0; path = ClickCounter.app; sourceTree = BUILT_PRODUCTS_DIR; };
		BCFAA9B11CC92BA4008D2464 /* AppDelegate.swift */ = {isa = PBXFileReference; lastKnownFileType = sourcecode.swift; path = AppDelegate.swift; sourceTree = "<group>"; };
		BCFAA9B31CC92BA4008D2464 /* CounterViewController.swift */ = {isa = PBXFileReference; lastKnownFileType = sourcecode.swift; path = CounterViewController.swift; sourceTree = "<group>"; };
		BCFAA9B61CC92BA4008D2464 /* Base */ = {isa = PBXFileReference; lastKnownFileType = file.storyboard; name = Base; path = Base.lproj/Main.storyboard; sourceTree = "<group>"; };
		BCFAA9B81CC92BA4008D2464 /* Assets.xcassets */ = {isa = PBXFileReference; lastKnownFileType = folder.assetcatalog; path = Assets.xcassets; sourceTree = "<group>"; };
		BCFAA9BB1CC92BA4008D2464 /* Base */ = {isa = PBXFileReference; lastKnownFileType = file.storyboard; name = Base; path = Base.lproj/LaunchScreen.storyboard; sourceTree = "<group>"; };
		BCFAA9BD1CC92BA4008D2464 /* Info.plist */ = {isa = PBXFileReference; lastKnownFileType = text.plist.xml; path = Info.plist; sourceTree = "<group>"; };
		BCFAA9C31CC9320E008D2464 /* ClickData.swift */ = {isa = PBXFileReference; fileEncoding = 4; lastKnownFileType = sourcecode.swift; path = ClickData.swift; sourceTree = "<group>"; };
/* End PBXFileReference section */

/* Begin PBXFrameworksBuildPhase section */
		BCFAA9AB1CC92BA4008D2464 /* Frameworks */ = {
			isa = PBXFrameworksBuildPhase;
			buildActionMask = 2147483647;
			files = (
			);
			runOnlyForDeploymentPostprocessing = 0;
		};
/* End PBXFrameworksBuildPhase section */

/* Begin PBXGroup section */
		BCFAA9A51CC92BA4008D2464 = {
			isa = PBXGroup;
			children = (
				BCFAA9B01CC92BA4008D2464 /* ClickCounter */,
				BCFAA9AF1CC92BA4008D2464 /* Products */,
			);
			sourceTree = "<group>";
		};
		BCFAA9AF1CC92BA4008D2464 /* Products */ = {
			isa = PBXGroup;
			children = (
				BCFAA9AE1CC92BA4008D2464 /* ClickCounter.app */,
			);
			name = Products;
			sourceTree = "<group>";
		};
		BCFAA9B01CC92BA4008D2464 /* ClickCounter */ = {
			isa = PBXGroup;
			children = (
				BCFAA9B11CC92BA4008D2464 /* AppDelegate.swift */,
				BCFAA9B31CC92BA4008D2464 /* CounterViewController.swift */,
				BCFAA9B51CC92BA4008D2464 /* Main.storyboard */,
				BCFAA9B81CC92BA4008D2464 /* Assets.xcassets */,
				BCFAA9BA1CC92BA4008D2464 /* LaunchScreen.storyboard */,
				BCFAA9BD1CC92BA4008D2464 /* Info.plist */,
				BCFAA9C31CC9320E008D2464 /* ClickData.swift */,
			);
			path = ClickCounter;
			sourceTree = "<group>";
		};
/* End PBXGroup section */

/* Begin PBXNativeTarget section */
		BCFAA9AD1CC92BA4008D2464 /* ClickCounter */ = {
			isa = PBXNativeTarget;
			buildConfigurationList = BCFAA9C01CC92BA4008D2464 /* Build configuration list for PBXNativeTarget "ClickCounter" */;
			buildPhases = (
				BCFAA9AA1CC92BA4008D2464 /* Sources */,
				BCFAA9AB1CC92BA4008D2464 /* Frameworks */,
				BCFAA9AC1CC92BA4008D2464 /* Resources */,
			);
			buildRules = (
			);
			dependencies = (
			);
			name = ClickCounter;
			productName = ClickCounter;
			productReference = BCFAA9AE1CC92BA4008D2464 /* ClickCounter.app */;
			productType = "com.apple.product-type.application";
		};
/* End PBXNativeTarget section */

/* Begin PBXProject section */
		BCFAA9A61CC92BA4008D2464 /* Project object */ = {
			isa = PBXProject;
			attributes = {
				LastSwiftUpdateCheck = 0730;
				LastUpgradeCheck = 0730;
				ORGANIZATIONNAME = SweetJohn;
				TargetAttributes = {
					BCFAA9AD1CC92BA4008D2464 = {
						CreatedOnToolsVersion = 7.3;
					};
				};
			};
			buildConfigurationList = BCFAA9A91CC92BA4008D2464 /* Build configuration list for PBXProject "ClickCounter" */;
			compatibilityVersion = "Xcode 3.2";
			developmentRegion = English;
			hasScannedForEncodings = 0;
			knownRegions = (
				en,
				Base,
			);
			mainGroup = BCFAA9A51CC92BA4008D2464;
			productRefGroup = BCFAA9AF1CC92BA4008D2464 /* Products */;
			projectDirPath = "";
			projectRoot = "";
			targets = (
				BCFAA9AD1CC92BA4008D2464 /* ClickCounter */,
			);
		};
/* End PBXProject section */

/* Begin PBXResourcesBuildPhase section */
		BCFAA9AC1CC92BA4008D2464 /* Resources */ = {
			isa = PBXResourcesBuildPhase;
			buildActionMask = 2147483647;
			files = (
				BCFAA9BC1CC92BA4008D2464 /* LaunchScreen.storyboard in Resources */,
				BCFAA9B91CC92BA4008D2464 /* Assets.xcassets in Resources */,
				BCFAA9B71CC92BA4008D2464 /* Main.storyboard in Resources */,
			);
			runOnlyForDeploymentPostprocessing = 0;
		};
/* End PBXResourcesBuildPhase section */

/* Begin PBXSourcesBuildPhase section */
		BCFAA9AA1CC92BA4008D2464 /* Sources */ = {
			isa = PBXSourcesBuildPhase;
			buildActionMask = 2147483647;
			files = (
				BCFAA9B41CC92BA4008D2464 /* CounterViewController.swift in Sources */,
				BCFAA9C41CC9320E008D2464 /* ClickData.swift in Sources */,
				BCFAA9B21CC92BA4008D2464 /* AppDelegate.swift in Sources */,
			);
			runOnlyForDeploymentPostprocessing = 0;
		};
/* End PBXSourcesBuildPhase section */

/* Begin PBXVariantGroup section */
		BCFAA9B51CC92BA4008D2464 /* Main.storyboard */ = {
			isa = PBXVariantGroup;
			children = (
				BCFAA9B61CC92BA4008D2464 /* Base */,
			);
			name = Main.storyboard;
			sourceTree = "<group>";
		};
		BCFAA9BA1CC92BA4008D2464 /* LaunchScreen.storyboard */ = {
			isa = PBXVariantGroup;
			children = (
				BCFAA9BB1CC92BA4008D2464 /* Base */,
			);
			name = LaunchScreen.storyboard;
			sourceTree = "<group>";
		};
/* End PBXVariantGroup section */

/* Begin XCBuildConfiguration section */
		BCFAA9BE1CC92BA4008D2464 /* Debug */ = {
			isa = XCBuildConfiguration;
			buildSettings = {
				ALWAYS_SEARCH_USER_PATHS = NO;
				CLANG_ANALYZER_NONNULL = YES;
				CLANG_CXX_LANGUAGE_STANDARD = "gnu++0x";
				CLANG_CXX_LIBRARY = "libc++";
				CLANG_ENABLE_MODULES = YES;
				CLANG_ENABLE_OBJC_ARC = YES;
				CLANG_WARN_BOOL_CONVERSION = YES;
				CLANG_WARN_CONSTANT_CONVERSION = YES;
				CLANG_WARN_DIRECT_OBJC_ISA_USAGE = YES_ERROR;
				CLANG_WARN_EMPTY_BODY = YES;
				CLANG_WARN_ENUM_CONVERSION = YES;
				CLANG_WARN_INT_CONVERSION = YES;
				CLANG_WARN_OBJC_ROOT_CLASS = YES_ERROR;
				CLANG_WARN_UNREACHABLE_CODE = YES;
				CLANG_WARN__DUPLICATE_METHOD_MATCH = YES;
				"CODE_SIGN_IDENTITY[sdk=iphoneos*]" = "iPhone Developer";
				COPY_PHASE_STRIP = NO;
				DEBUG_INFORMATION_FORMAT = dwarf;
				ENABLE_STRICT_OBJC_MSGSEND = YES;
				ENABLE_TESTABILITY = YES;
				GCC_C_LANGUAGE_STANDARD = gnu99;
				GCC_DYNAMIC_NO_PIC = NO;
				GCC_NO_COMMON_BLOCKS = YES;
				GCC_OPTIMIZATION_LEVEL = 0;
				GCC_PREPROCESSOR_DEFINITIONS = (
					"DEBUG=1",
					"$(inherited)",
				);
				GCC_WARN_64_TO_32_BIT_CONVERSION = YES;
				GCC_WARN_ABOUT_RETURN_TYPE = YES_ERROR;
				GCC_WARN_UNDECLARED_SELECTOR = YES;
				GCC_WARN_UNINITIALIZED_AUTOS = YES_AGGRESSIVE;
				GCC_WARN_UNUSED_FUNCTION = YES;
				GCC_WARN_UNUSED_VARIABLE = YES;
				IPHONEOS_DEPLOYMENT_TARGET = 9.3;
				MTL_ENABLE_DEBUG_INFO = YES;
				ONLY_ACTIVE_ARCH = YES;
				SDKROOT = iphoneos;
				SWIFT_OPTIMIZATION_LEVEL = "-Onone";
				TARGETED_DEVICE_FAMILY = "1,2";
			};
			name = Debug;
		};
		BCFAA9BF1CC92BA4008D2464 /* Release */ = {
			isa = XCBuildConfiguration;
			buildSettings = {
				ALWAYS_SEARCH_USER_PATHS = NO;
				CLANG_ANALYZER_NONNULL = YES;
				CLANG_CXX_LANGUAGE_STANDARD = "gnu++0x";
				CLANG_CXX_LIBRARY = "libc++";
				CLANG_ENABLE_MODULES = YES;
				CLANG_ENABLE_OBJC_ARC = YES;
				CLANG_WARN_BOOL_CONVERSION = YES;
				CLANG_WARN_CONSTANT_CONVERSION = YES;
				CLANG_WARN_DIRECT_OBJC_ISA_USAGE = YES_ERROR;
				CLANG_WARN_EMPTY_BODY = YES;
				CLANG_WARN_ENUM_CONVERSION = YES;
				CLANG_WARN_INT_CONVERSION = YES;
				CLANG_WARN_OBJC_ROOT_CLASS = YES_ERROR;
				CLANG_WARN_UNREACHABLE_CODE = YES;
				CLANG_WARN__DUPLICATE_METHOD_MATCH = YES;
				"CODE_SIGN_IDENTITY[sdk=iphoneos*]" = "iPhone Developer";
				COPY_PHASE_STRIP = NO;
				DEBUG_INFORMATION_FORMAT = "dwarf-with-dsym";
				ENABLE_NS_ASSERTIONS = NO;
				ENABLE_STRICT_OBJC_MSGSEND = YES;
				GCC_C_LANGUAGE_STANDARD = gnu99;
				GCC_NO_COMMON_BLOCKS = YES;
				GCC_WARN_64_TO_32_BIT_CONVERSION = YES;
				GCC_WARN_ABOUT_RETURN_TYPE = YES_ERROR;
				GCC_WARN_UNDECLARED_SELECTOR = YES;
				GCC_WARN_UNINITIALIZED_AUTOS = YES_AGGRESSIVE;
				GCC_WARN_UNUSED_FUNCTION = YES;
				GCC_WARN_UNUSED_VARIABLE = YES;
				IPHONEOS_DEPLOYMENT_TARGET = 9.3;
				MTL_ENABLE_DEBUG_INFO = NO;
				SDKROOT = iphoneos;
				TARGETED_DEVICE_FAMILY = "1,2";
				VALIDATE_PRODUCT = YES;
			};
			name = Release;
		};
		BCFAA9C11CC92BA4008D2464 /* Debug */ = {
			isa = XCBuildConfiguration;
			buildSettings = {
				ASSETCATALOG_COMPILER_APPICON_NAME = AppIcon;
				INFOPLIST_FILE = ClickCounter/Info.plist;
				LD_RUNPATH_SEARCH_PATHS = "$(inherited) @executable_path/Frameworks";
				PRODUCT_BUNDLE_IDENTIFIER = com.SJStudio.ClickCounter;
				PRODUCT_NAME = "$(TARGET_NAME)";
			};
			name = Debug;
		};
		BCFAA9C21CC92BA4008D2464 /* Release */ = {
			isa = XCBuildConfiguration;
			buildSettings = {
				ASSETCATALOG_COMPILER_APPICON_NAME = AppIcon;
				INFOPLIST_FILE = ClickCounter/Info.plist;
				LD_RUNPATH_SEARCH_PATHS = "$(inherited) @executable_path/Frameworks";
				PRODUCT_BUNDLE_IDENTIFIER = com.SJStudio.ClickCounter;
				PRODUCT_NAME = "$(TARGET_NAME)";
			};
			name = Release;
		};
/* End XCBuildConfiguration section */

/* Begin XCConfigurationList section */
		BCFAA9A91CC92BA4008D2464 /* Build configuration list for PBXProject "ClickCounter" */ = {
			isa = XCConfigurationList;
			buildConfigurations = (
				BCFAA9BE1CC92BA4008D2464 /* Debug */,
				BCFAA9BF1CC92BA4008D2464 /* Release */,
			);
			defaultConfigurationIsVisible = 0;
			defaultConfigurationName = Release;
		};
		BCFAA9C01CC92BA4008D2464 /* Build configuration list for PBXNativeTarget "ClickCounter" */ = {
			isa = XCConfigurationList;
			buildConfigurations = (
				BCFAA9C11CC92BA4008D2464 /* Debug */,
				BCFAA9C21CC92BA4008D2464 /* Release */,
			);
			defaultConfigurationIsVisible = 0;
		};
/* End XCConfigurationList section */
	};
	rootObject = BCFAA9A61CC92BA4008D2464 /* Project object */;
}
