// !$*UTF8*$!
{
	archiveVersion = 1;
	classes = {
	};
	objectVersion = 46;
	objects = {

/* Begin PBXBuildFile section */
		91D9EA691CCE3B4B00B2A391 /* AppDelegate.swift in Sources */ = {isa = PBXBuildFile; fileRef = 91D9EA681CCE3B4B00B2A391 /* AppDelegate.swift */; };
		91D9EA6B1CCE3B4B00B2A391 /* ColorViewController.swift in Sources */ = {isa = PBXBuildFile; fileRef = 91D9EA6A1CCE3B4B00B2A391 /* ColorViewController.swift */; };
		91D9EA6E1CCE3B4B00B2A391 /* Main.storyboard in Resources */ = {isa = PBXBuildFile; fileRef = 91D9EA6C1CCE3B4B00B2A391 /* Main.storyboard */; };
		91D9EA701CCE3B4B00B2A391 /* Assets.xcassets in Resources */ = {isa = PBXBuildFile; fileRef = 91D9EA6F1CCE3B4B00B2A391 /* Assets.xcassets */; };
		91D9EA731CCE3B4B00B2A391 /* LaunchScreen.storyboard in Resources */ = {isa = PBXBuildFile; fileRef = 91D9EA711CCE3B4B00B2A391 /* LaunchScreen.storyboard */; };
		BCC63B4C1CCFA1BF009478FF /* Helper.swift in Sources */ = {isa = PBXBuildFile; fileRef = BCC63B4B1CCFA1BF009478FF /* Helper.swift */; };
/* End PBXBuildFile section */

/* Begin PBXFileReference section */
		91D9EA651CCE3B4B00B2A391 /* colorViewSlider.app */ = {isa = PBXFileReference; explicitFileType = wrapper.application; includeInIndex = 0; path = colorViewSlider.app; sourceTree = BUILT_PRODUCTS_DIR; };
		91D9EA681CCE3B4B00B2A391 /* AppDelegate.swift */ = {isa = PBXFileReference; lastKnownFileType = sourcecode.swift; path = AppDelegate.swift; sourceTree = "<group>"; };
		91D9EA6A1CCE3B4B00B2A391 /* ColorViewController.swift */ = {isa = PBXFileReference; lastKnownFileType = sourcecode.swift; path = ColorViewController.swift; sourceTree = "<group>"; };
		91D9EA6D1CCE3B4B00B2A391 /* Base */ = {isa = PBXFileReference; lastKnownFileType = file.storyboard; name = Base; path = Base.lproj/Main.storyboard; sourceTree = "<group>"; };
		91D9EA6F1CCE3B4B00B2A391 /* Assets.xcassets */ = {isa = PBXFileReference; lastKnownFileType = folder.assetcatalog; path = Assets.xcassets; sourceTree = "<group>"; };
		91D9EA721CCE3B4B00B2A391 /* Base */ = {isa = PBXFileReference; lastKnownFileType = file.storyboard; name = Base; path = Base.lproj/LaunchScreen.storyboard; sourceTree = "<group>"; };
		91D9EA741CCE3B4B00B2A391 /* Info.plist */ = {isa = PBXFileReference; lastKnownFileType = text.plist.xml; path = Info.plist; sourceTree = "<group>"; };
		BCC63B4B1CCFA1BF009478FF /* Helper.swift */ = {isa = PBXFileReference; fileEncoding = 4; lastKnownFileType = sourcecode.swift; path = Helper.swift; sourceTree = "<group>"; };
/* End PBXFileReference section */

/* Begin PBXFrameworksBuildPhase section */
		91D9EA621CCE3B4B00B2A391 /* Frameworks */ = {
			isa = PBXFrameworksBuildPhase;
			buildActionMask = 2147483647;
			files = (
			);
			runOnlyForDeploymentPostprocessing = 0;
		};
/* End PBXFrameworksBuildPhase section */

/* Begin PBXGroup section */
		91D9EA5C1CCE3B4B00B2A391 = {
			isa = PBXGroup;
			children = (
				91D9EA671CCE3B4B00B2A391 /* colorViewSlider */,
				91D9EA661CCE3B4B00B2A391 /* Products */,
			);
			sourceTree = "<group>";
		};
		91D9EA661CCE3B4B00B2A391 /* Products */ = {
			isa = PBXGroup;
			children = (
				91D9EA651CCE3B4B00B2A391 /* colorViewSlider.app */,
			);
			name = Products;
			sourceTree = "<group>";
		};
		91D9EA671CCE3B4B00B2A391 /* colorViewSlider */ = {
			isa = PBXGroup;
			children = (
				91D9EA681CCE3B4B00B2A391 /* AppDelegate.swift */,
				91D9EA6A1CCE3B4B00B2A391 /* ColorViewController.swift */,
				BCC63B4B1CCFA1BF009478FF /* Helper.swift */,
				91D9EA6C1CCE3B4B00B2A391 /* Main.storyboard */,
				91D9EA6F1CCE3B4B00B2A391 /* Assets.xcassets */,
				91D9EA711CCE3B4B00B2A391 /* LaunchScreen.storyboard */,
				91D9EA741CCE3B4B00B2A391 /* Info.plist */,
			);
			path = colorViewSlider;
			sourceTree = "<group>";
		};
/* End PBXGroup section */

/* Begin PBXNativeTarget section */
		91D9EA641CCE3B4B00B2A391 /* colorViewSlider */ = {
			isa = PBXNativeTarget;
			buildConfigurationList = 91D9EA771CCE3B4B00B2A391 /* Build configuration list for PBXNativeTarget "colorViewSlider" */;
			buildPhases = (
				91D9EA611CCE3B4B00B2A391 /* Sources */,
				91D9EA621CCE3B4B00B2A391 /* Frameworks */,
				91D9EA631CCE3B4B00B2A391 /* Resources */,
			);
			buildRules = (
			);
			dependencies = (
			);
			name = colorViewSlider;
			productName = colorViewSlider;
			productReference = 91D9EA651CCE3B4B00B2A391 /* colorViewSlider.app */;
			productType = "com.apple.product-type.application";
		};
/* End PBXNativeTarget section */

/* Begin PBXProject section */
		91D9EA5D1CCE3B4B00B2A391 /* Project object */ = {
			isa = PBXProject;
			attributes = {
				LastSwiftUpdateCheck = 0730;
				LastUpgradeCheck = 0730;
				ORGANIZATIONNAME = JJ;
				TargetAttributes = {
					91D9EA641CCE3B4B00B2A391 = {
						CreatedOnToolsVersion = 7.3;
					};
				};
			};
			buildConfigurationList = 91D9EA601CCE3B4B00B2A391 /* Build configuration list for PBXProject "colorViewSlider" */;
			compatibilityVersion = "Xcode 3.2";
			developmentRegion = English;
			hasScannedForEncodings = 0;
			knownRegions = (
				en,
				Base,
			);
			mainGroup = 91D9EA5C1CCE3B4B00B2A391;
			productRefGroup = 91D9EA661CCE3B4B00B2A391 /* Products */;
			projectDirPath = "";
			projectRoot = "";
			targets = (
				91D9EA641CCE3B4B00B2A391 /* colorViewSlider */,
			);
		};
/* End PBXProject section */

/* Begin PBXResourcesBuildPhase section */
		91D9EA631CCE3B4B00B2A391 /* Resources */ = {
			isa = PBXResourcesBuildPhase;
			buildActionMask = 2147483647;
			files = (
				91D9EA731CCE3B4B00B2A391 /* LaunchScreen.storyboard in Resources */,
				91D9EA701CCE3B4B00B2A391 /* Assets.xcassets in Resources */,
				91D9EA6E1CCE3B4B00B2A391 /* Main.storyboard in Resources */,
			);
			runOnlyForDeploymentPostprocessing = 0;
		};
/* End PBXResourcesBuildPhase section */

/* Begin PBXSourcesBuildPhase section */
		91D9EA611CCE3B4B00B2A391 /* Sources */ = {
			isa = PBXSourcesBuildPhase;
			buildActionMask = 2147483647;
			files = (
				91D9EA6B1CCE3B4B00B2A391 /* ColorViewController.swift in Sources */,
				91D9EA691CCE3B4B00B2A391 /* AppDelegate.swift in Sources */,
				BCC63B4C1CCFA1BF009478FF /* Helper.swift in Sources */,
			);
			runOnlyForDeploymentPostprocessing = 0;
		};
/* End PBXSourcesBuildPhase section */

/* Begin PBXVariantGroup section */
		91D9EA6C1CCE3B4B00B2A391 /* Main.storyboard */ = {
			isa = PBXVariantGroup;
			children = (
				91D9EA6D1CCE3B4B00B2A391 /* Base */,
			);
			name = Main.storyboard;
			sourceTree = "<group>";
		};
		91D9EA711CCE3B4B00B2A391 /* LaunchScreen.storyboard */ = {
			isa = PBXVariantGroup;
			children = (
				91D9EA721CCE3B4B00B2A391 /* Base */,
			);
			name = LaunchScreen.storyboard;
			sourceTree = "<group>";
		};
/* End PBXVariantGroup section */

/* Begin XCBuildConfiguration section */
		91D9EA751CCE3B4B00B2A391 /* Debug */ = {
			isa = XCBuildConfiguration;
			buildSettings = {
				ALWAYS_SEARCH_USER_PATHS = NO;
				CLANG_ANALYZER_NONNULL = YES;
				CLANG_CXX_LANGUAGE_STANDARD = "gnu++0x";
				CLANG_CXX_LIBRARY = "libc++";
				CLANG_ENABLE_MODULES = YES;
				CLANG_ENABLE_OBJC_ARC = YES;
				CLANG_WARN_BOOL_CONVERSION = YES;
				CLANG_WARN_CONSTANT_CONVERSION = YES;
				CLANG_WARN_DIRECT_OBJC_ISA_USAGE = YES_ERROR;
				CLANG_WARN_EMPTY_BODY = YES;
				CLANG_WARN_ENUM_CONVERSION = YES;
				CLANG_WARN_INT_CONVERSION = YES;
				CLANG_WARN_OBJC_ROOT_CLASS = YES_ERROR;
				CLANG_WARN_UNREACHABLE_CODE = YES;
				CLANG_WARN__DUPLICATE_METHOD_MATCH = YES;
				"CODE_SIGN_IDENTITY[sdk=iphoneos*]" = "iPhone Developer";
				COPY_PHASE_STRIP = NO;
				DEBUG_INFORMATION_FORMAT = dwarf;
				ENABLE_STRICT_OBJC_MSGSEND = YES;
				ENABLE_TESTABILITY = YES;
				GCC_C_LANGUAGE_STANDARD = gnu99;
				GCC_DYNAMIC_NO_PIC = NO;
				GCC_NO_COMMON_BLOCKS = YES;
				GCC_OPTIMIZATION_LEVEL = 0;
				GCC_PREPROCESSOR_DEFINITIONS = (
					"DEBUG=1",
					"$(inherited)",
				);
				GCC_WARN_64_TO_32_BIT_CONVERSION = YES;
				GCC_WARN_ABOUT_RETURN_TYPE = YES_ERROR;
				GCC_WARN_UNDECLARED_SELECTOR = YES;
				GCC_WARN_UNINITIALIZED_AUTOS = YES_AGGRESSIVE;
				GCC_WARN_UNUSED_FUNCTION = YES;
				GCC_WARN_UNUSED_VARIABLE = YES;
				IPHONEOS_DEPLOYMENT_TARGET = 9.3;
				MTL_ENABLE_DEBUG_INFO = YES;
				ONLY_ACTIVE_ARCH = YES;
				SDKROOT = iphoneos;
				SWIFT_OPTIMIZATION_LEVEL = "-Onone";
			};
			name = Debug;
		};
		91D9EA761CCE3B4B00B2A391 /* Release */ = {
			isa = XCBuildConfiguration;
			buildSettings = {
				ALWAYS_SEARCH_USER_PATHS = NO;
				CLANG_ANALYZER_NONNULL = YES;
				CLANG_CXX_LANGUAGE_STANDARD = "gnu++0x";
				CLANG_CXX_LIBRARY = "libc++";
				CLANG_ENABLE_MODULES = YES;
				CLANG_ENABLE_OBJC_ARC = YES;
				CLANG_WARN_BOOL_CONVERSION = YES;
				CLANG_WARN_CONSTANT_CONVERSION = YES;
				CLANG_WARN_DIRECT_OBJC_ISA_USAGE = YES_ERROR;
				CLANG_WARN_EMPTY_BODY = YES;
				CLANG_WARN_ENUM_CONVERSION = YES;
				CLANG_WARN_INT_CONVERSION = YES;
				CLANG_WARN_OBJC_ROOT_CLASS = YES_ERROR;
				CLANG_WARN_UNREACHABLE_CODE = YES;
				CLANG_WARN__DUPLICATE_METHOD_MATCH = YES;
				"CODE_SIGN_IDENTITY[sdk=iphoneos*]" = "iPhone Developer";
				COPY_PHASE_STRIP = NO;
				DEBUG_INFORMATION_FORMAT = "dwarf-with-dsym";
				ENABLE_NS_ASSERTIONS = NO;
				ENABLE_STRICT_OBJC_MSGSEND = YES;
				GCC_C_LANGUAGE_STANDARD = gnu99;
				GCC_NO_COMMON_BLOCKS = YES;
				GCC_WARN_64_TO_32_BIT_CONVERSION = YES;
				GCC_WARN_ABOUT_RETURN_TYPE = YES_ERROR;
				GCC_WARN_UNDECLARED_SELECTOR = YES;
				GCC_WARN_UNINITIALIZED_AUTOS = YES_AGGRESSIVE;
				GCC_WARN_UNUSED_FUNCTION = YES;
				GCC_WARN_UNUSED_VARIABLE = YES;
				IPHONEOS_DEPLOYMENT_TARGET = 9.3;
				MTL_ENABLE_DEBUG_INFO = NO;
				SDKROOT = iphoneos;
				VALIDATE_PRODUCT = YES;
			};
			name = Release;
		};
		91D9EA781CCE3B4B00B2A391 /* Debug */ = {
			isa = XCBuildConfiguration;
			buildSettings = {
				ASSETCATALOG_COMPILER_APPICON_NAME = AppIcon;
				INFOPLIST_FILE = colorViewSlider/Info.plist;
				IPHONEOS_DEPLOYMENT_TARGET = 8.4;
				LD_RUNPATH_SEARCH_PATHS = "$(inherited) @executable_path/Frameworks";
				PRODUCT_BUNDLE_IDENTIFIER = com.JJStudio.colorViewSlider;
				PRODUCT_NAME = "$(TARGET_NAME)";
			};
			name = Debug;
		};
		91D9EA791CCE3B4B00B2A391 /* Release */ = {
			isa = XCBuildConfiguration;
			buildSettings = {
				ASSETCATALOG_COMPILER_APPICON_NAME = AppIcon;
				INFOPLIST_FILE = colorViewSlider/Info.plist;
				IPHONEOS_DEPLOYMENT_TARGET = 8.4;
				LD_RUNPATH_SEARCH_PATHS = "$(inherited) @executable_path/Frameworks";
				PRODUCT_BUNDLE_IDENTIFIER = com.JJStudio.colorViewSlider;
				PRODUCT_NAME = "$(TARGET_NAME)";
			};
			name = Release;
		};
/* End XCBuildConfiguration section */

/* Begin XCConfigurationList section */
		91D9EA601CCE3B4B00B2A391 /* Build configuration list for PBXProject "colorViewSlider" */ = {
			isa = XCConfigurationList;
			buildConfigurations = (
				91D9EA751CCE3B4B00B2A391 /* Debug */,
				91D9EA761CCE3B4B00B2A391 /* Release */,
			);
			defaultConfigurationIsVisible = 0;
			defaultConfigurationName = Release;
		};
		91D9EA771CCE3B4B00B2A391 /* Build configuration list for PBXNativeTarget "colorViewSlider" */ = {
			isa = XCConfigurationList;
			buildConfigurations = (
				91D9EA781CCE3B4B00B2A391 /* Debug */,
				91D9EA791CCE3B4B00B2A391 /* Release */,
			);
			defaultConfigurationIsVisible = 0;
			defaultConfigurationName = Release;
		};
/* End XCConfigurationList section */
	};
	rootObject = 91D9EA5D1CCE3B4B00B2A391 /* Project object */;
}
